// !$*UTF8*$!
{
	archiveVersion = 1;
	classes = {
	};
	objectVersion = 77;
	objects = {

/* Begin PBXBuildFile section */
		04E9EBA53973E1D0BC911BAB /* ClipboardService.swift in Sources */ = {isa = PBXBuildFile; fileRef = F4A4A57EE58703C0EF70B7AA /* ClipboardService.swift */; };
		06DA6A4EF0CADFBDE8BFAA32 /* DropPointLogo.svg in Resources */ = {isa = PBXBuildFile; fileRef = C2FEBA3176F83A868761DCFC /* DropPointLogo.svg */; };
		2231910E64D0842098BDE59C /* AnimatedSVGView.swift in Sources */ = {isa = PBXBuildFile; fileRef = 29DECA39C7799BD75D56251B /* AnimatedSVGView.swift */; };
		255B52FD63A42E32810A7724 /* ShelfDropHostingView.swift in Sources */ = {isa = PBXBuildFile; fileRef = 2404CF97215AEC8D681563B9 /* ShelfDropHostingView.swift */; };
		267599EB0F05CCD940B1A9BD /* ExpandedShelfView.swift in Sources */ = {isa = PBXBuildFile; fileRef = 58C04420189B9E761585C681 /* ExpandedShelfView.swift */; };
		27217171884A3DEE8439B72A /* SettingsView.swift in Sources */ = {isa = PBXBuildFile; fileRef = 8F0C0338FC41775B78A51506 /* SettingsView.swift */; };
		36BE829994399FE577D0ED00 /* FileDragSourceView.swift in Sources */ = {isa = PBXBuildFile; fileRef = 0431590044435E92E6E0160E /* FileDragSourceView.swift */; };
		4A34E9983C3A1B053BEB9082 /* SettingsGlassComponents.swift in Sources */ = {isa = PBXBuildFile; fileRef = A70CEC862665A410BACE399E /* SettingsGlassComponents.swift */; };
		4CF8D702D9DF36C68B399EF4 /* Empty Box.svg in Resources */ = {isa = PBXBuildFile; fileRef = C368EF9A81E41BA63A5F4FDD /* Empty Box.svg */; };
		58CCE6109ACA4EE3F99A359E /* StatusBarController.swift in Sources */ = {isa = PBXBuildFile; fileRef = E4430FA0D50EFFCAED4C1CD8 /* StatusBarController.swift */; };
		592644BCFC3DC1171D9A2A22 /* GlobalHotKeyMonitor.swift in Sources */ = {isa = PBXBuildFile; fileRef = D210AB8CC87D9C277E22DF73 /* GlobalHotKeyMonitor.swift */; };
		65A9ECEBD9D659DB76DA86A3 /* AppDelegate.swift in Sources */ = {isa = PBXBuildFile; fileRef = 8BBB0C414D34B04D8BC23D66 /* AppDelegate.swift */; };
		663345649DA2B141E83FBC1F /* Assets.xcassets in Resources */ = {isa = PBXBuildFile; fileRef = 29115A3051D5B2B4E5905DF1 /* Assets.xcassets */; };
		7ACAAF8E38F6BE1AF3BA6D57 /* ShelfView.swift in Sources */ = {isa = PBXBuildFile; fileRef = 5592D69D2AF2F44E09E094FB /* ShelfView.swift */; };
		842B6FE264E2839B6C18DF4D /* ShelfPalette.swift in Sources */ = {isa = PBXBuildFile; fileRef = 12DFF537C897D5495B17AE0E /* ShelfPalette.swift */; };
		8A2ECEE1B29A77148A0B2570 /* ShelfItem.swift in Sources */ = {isa = PBXBuildFile; fileRef = D60444CC808E3CC2338FE8C1 /* ShelfItem.swift */; };
		90955B990316499CEC07E247 /* DropPointApp.swift in Sources */ = {isa = PBXBuildFile; fileRef = 0BFAB47FB3B5F5B211B5F1AD /* DropPointApp.swift */; };
		9257E0A31EAA7E8929CA2C36 /* FileDropImporter.swift in Sources */ = {isa = PBXBuildFile; fileRef = 681CA1D8258C085BF9A01AFF /* FileDropImporter.swift */; };
		9DD138E14CE1BA6072B77B20 /* ShelfAction.swift in Sources */ = {isa = PBXBuildFile; fileRef = D7C7ECB26F075D2FE5D60A67 /* ShelfAction.swift */; };
		AEC152BEA65B60BFE7EDE958 /* ShelfContextMenu.swift in Sources */ = {isa = PBXBuildFile; fileRef = 7FE86B244679C85061AE61D2 /* ShelfContextMenu.swift */; };
		B1B7335DF5DFECA45789D7A4 /* ExternalFileDragMonitor.swift in Sources */ = {isa = PBXBuildFile; fileRef = 51E19AE7AAB0330B4F68C5EA /* ExternalFileDragMonitor.swift */; };
		BDC1C452D7ABF32F69874617 /* ShelfGeometryTests.swift in Sources */ = {isa = PBXBuildFile; fileRef = 1EEC6FD5A62755C0940C6677 /* ShelfGeometryTests.swift */; };
		C5B43D9F33FB4B646279C085 /* ShelfActionService.swift in Sources */ = {isa = PBXBuildFile; fileRef = 5878A133EF3ADA9F52C44FBB /* ShelfActionService.swift */; };
		D3E23F0C734B05404C84993D /* Cat_in_Box.svg in Resources */ = {isa = PBXBuildFile; fileRef = 7B49C3435F21B7E7EA4B0730 /* Cat_in_Box.svg */; };
		E10D2DC8B0A4CCFFF10740DD /* LaunchAtLoginService.swift in Sources */ = {isa = PBXBuildFile; fileRef = E8BE7B91D23778BA7DBF3109 /* LaunchAtLoginService.swift */; };
		E4586D8024303F58FD7B6038 /* CompactFileShelfView.swift in Sources */ = {isa = PBXBuildFile; fileRef = 11676C7F1E7580EADC890261 /* CompactFileShelfView.swift */; };
		EB61B0290C19141C4F3B26E6 /* ShelfWindowController.swift in Sources */ = {isa = PBXBuildFile; fileRef = F2FA7E7D666DBDA30AE420CD /* ShelfWindowController.swift */; };
		EBE6EE47EEBB807615680F34 /* ShelfStore.swift in Sources */ = {isa = PBXBuildFile; fileRef = 22BF155EBBB86457BB19A8D4 /* ShelfStore.swift */; };
		F2C6F5B1FC2B0C72B2D10CC3 /* ShelfGeometry.swift in Sources */ = {isa = PBXBuildFile; fileRef = DEAE2C9FD948EB9826166429 /* ShelfGeometry.swift */; };
		F44870DABD4EE688A4F41D22 /* DirectoryWatcher.swift in Sources */ = {isa = PBXBuildFile; fileRef = 2DC8A0C719893348161D6789 /* DirectoryWatcher.swift */; };
		F65EAEAE5D4E9F5474059B0D /* CatInBox.png in Resources */ = {isa = PBXBuildFile; fileRef = F20ACCCA7AA1264979198425 /* CatInBox.png */; };
		F6EF583E71B19DB510C1DBA2 /* AppSettings.swift in Sources */ = {isa = PBXBuildFile; fileRef = 7CA0A93955E08FCAD91FCDFB /* AppSettings.swift */; };
		FD25F17DD58E040ED6CA8722 /* ShelfWindowManager.swift in Sources */ = {isa = PBXBuildFile; fileRef = CCD2A448DA69D1A72B4DF1FA /* ShelfWindowManager.swift */; };
/* End PBXBuildFile section */

/* Begin PBXContainerItemProxy section */
		4FED3B0C0062EF502830F91A /* PBXContainerItemProxy */ = {
			isa = PBXContainerItemProxy;
			containerPortal = 83966C0B68155040CA7B1ADD /* Project object */;
			proxyType = 1;
			remoteGlobalIDString = 64CB6A3B497B6A5220F8490B;
			remoteInfo = DropPointNative;
		};
/* End PBXContainerItemProxy section */

/* Begin PBXFileReference section */
		0431590044435E92E6E0160E /* FileDragSourceView.swift */ = {isa = PBXFileReference; lastKnownFileType = sourcecode.swift; path = FileDragSourceView.swift; sourceTree = "<group>"; };
		0BFAB47FB3B5F5B211B5F1AD /* DropPointApp.swift */ = {isa = PBXFileReference; lastKnownFileType = sourcecode.swift; path = DropPointApp.swift; sourceTree = "<group>"; };
		11676C7F1E7580EADC890261 /* CompactFileShelfView.swift */ = {isa = PBXFileReference; lastKnownFileType = sourcecode.swift; path = CompactFileShelfView.swift; sourceTree = "<group>"; };
		12DFF537C897D5495B17AE0E /* ShelfPalette.swift */ = {isa = PBXFileReference; lastKnownFileType = sourcecode.swift; path = ShelfPalette.swift; sourceTree = "<group>"; };
		1B2FDBF971977B77DE36AD97 /* DropPointNativeTests.xctest */ = {isa = PBXFileReference; explicitFileType = wrapper.cfbundle; includeInIndex = 0; path = DropPointNativeTests.xctest; sourceTree = BUILT_PRODUCTS_DIR; };
		1EEC6FD5A62755C0940C6677 /* ShelfGeometryTests.swift */ = {isa = PBXFileReference; lastKnownFileType = sourcecode.swift; path = ShelfGeometryTests.swift; sourceTree = "<group>"; };
		22BF155EBBB86457BB19A8D4 /* ShelfStore.swift */ = {isa = PBXFileReference; lastKnownFileType = sourcecode.swift; path = ShelfStore.swift; sourceTree = "<group>"; };
		2404CF97215AEC8D681563B9 /* ShelfDropHostingView.swift */ = {isa = PBXFileReference; lastKnownFileType = sourcecode.swift; path = ShelfDropHostingView.swift; sourceTree = "<group>"; };
		29115A3051D5B2B4E5905DF1 /* Assets.xcassets */ = {isa = PBXFileReference; lastKnownFileType = folder.assetcatalog; path = Assets.xcassets; sourceTree = "<group>"; };
		29DECA39C7799BD75D56251B /* AnimatedSVGView.swift */ = {isa = PBXFileReference; lastKnownFileType = sourcecode.swift; path = AnimatedSVGView.swift; sourceTree = "<group>"; };
		2DC8A0C719893348161D6789 /* DirectoryWatcher.swift */ = {isa = PBXFileReference; lastKnownFileType = sourcecode.swift; path = DirectoryWatcher.swift; sourceTree = "<group>"; };
		51E19AE7AAB0330B4F68C5EA /* ExternalFileDragMonitor.swift */ = {isa = PBXFileReference; lastKnownFileType = sourcecode.swift; path = ExternalFileDragMonitor.swift; sourceTree = "<group>"; };
		5592D69D2AF2F44E09E094FB /* ShelfView.swift */ = {isa = PBXFileReference; lastKnownFileType = sourcecode.swift; path = ShelfView.swift; sourceTree = "<group>"; };
		5878A133EF3ADA9F52C44FBB /* ShelfActionService.swift */ = {isa = PBXFileReference; lastKnownFileType = sourcecode.swift; path = ShelfActionService.swift; sourceTree = "<group>"; };
		58C04420189B9E761585C681 /* ExpandedShelfView.swift */ = {isa = PBXFileReference; lastKnownFileType = sourcecode.swift; path = ExpandedShelfView.swift; sourceTree = "<group>"; };
		681CA1D8258C085BF9A01AFF /* FileDropImporter.swift */ = {isa = PBXFileReference; lastKnownFileType = sourcecode.swift; path = FileDropImporter.swift; sourceTree = "<group>"; };
		75149F843906BFBD419D0334 /* DropPointNative.app */ = {isa = PBXFileReference; explicitFileType = wrapper.application; includeInIndex = 0; path = DropPointNative.app; sourceTree = BUILT_PRODUCTS_DIR; };
		7B49C3435F21B7E7EA4B0730 /* Cat_in_Box.svg */ = {isa = PBXFileReference; path = Cat_in_Box.svg; sourceTree = "<group>"; };
		7CA0A93955E08FCAD91FCDFB /* AppSettings.swift */ = {isa = PBXFileReference; lastKnownFileType = sourcecode.swift; path = AppSettings.swift; sourceTree = "<group>"; };
		7FE86B244679C85061AE61D2 /* ShelfContextMenu.swift */ = {isa = PBXFileReference; lastKnownFileType = sourcecode.swift; path = ShelfContextMenu.swift; sourceTree = "<group>"; };
		8BBB0C414D34B04D8BC23D66 /* AppDelegate.swift */ = {isa = PBXFileReference; lastKnownFileType = sourcecode.swift; path = AppDelegate.swift; sourceTree = "<group>"; };
		8F0C0338FC41775B78A51506 /* SettingsView.swift */ = {isa = PBXFileReference; lastKnownFileType = sourcecode.swift; path = SettingsView.swift; sourceTree = "<group>"; };
		A70CEC862665A410BACE399E /* SettingsGlassComponents.swift */ = {isa = PBXFileReference; lastKnownFileType = sourcecode.swift; path = SettingsGlassComponents.swift; sourceTree = "<group>"; };
		C2FEBA3176F83A868761DCFC /* DropPointLogo.svg */ = {isa = PBXFileReference; path = DropPointLogo.svg; sourceTree = "<group>"; };
		C368EF9A81E41BA63A5F4FDD /* Empty Box.svg */ = {isa = PBXFileReference; path = "Empty Box.svg"; sourceTree = "<group>"; };
		CCD2A448DA69D1A72B4DF1FA /* ShelfWindowManager.swift */ = {isa = PBXFileReference; lastKnownFileType = sourcecode.swift; path = ShelfWindowManager.swift; sourceTree = "<group>"; };
		D210AB8CC87D9C277E22DF73 /* GlobalHotKeyMonitor.swift */ = {isa = PBXFileReference; lastKnownFileType = sourcecode.swift; path = GlobalHotKeyMonitor.swift; sourceTree = "<group>"; };
		D60444CC808E3CC2338FE8C1 /* ShelfItem.swift */ = {isa = PBXFileReference; lastKnownFileType = sourcecode.swift; path = ShelfItem.swift; sourceTree = "<group>"; };
		D7C7ECB26F075D2FE5D60A67 /* ShelfAction.swift */ = {isa = PBXFileReference; lastKnownFileType = sourcecode.swift; path = ShelfAction.swift; sourceTree = "<group>"; };
		DEAE2C9FD948EB9826166429 /* ShelfGeometry.swift */ = {isa = PBXFileReference; lastKnownFileType = sourcecode.swift; path = ShelfGeometry.swift; sourceTree = "<group>"; };
		E4430FA0D50EFFCAED4C1CD8 /* StatusBarController.swift */ = {isa = PBXFileReference; lastKnownFileType = sourcecode.swift; path = StatusBarController.swift; sourceTree = "<group>"; };
		E8BE7B91D23778BA7DBF3109 /* LaunchAtLoginService.swift */ = {isa = PBXFileReference; lastKnownFileType = sourcecode.swift; path = LaunchAtLoginService.swift; sourceTree = "<group>"; };
		F20ACCCA7AA1264979198425 /* CatInBox.png */ = {isa = PBXFileReference; lastKnownFileType = image.png; path = CatInBox.png; sourceTree = "<group>"; };
		F2FA7E7D666DBDA30AE420CD /* ShelfWindowController.swift */ = {isa = PBXFileReference; lastKnownFileType = sourcecode.swift; path = ShelfWindowController.swift; sourceTree = "<group>"; };
		F4A4A57EE58703C0EF70B7AA /* ClipboardService.swift */ = {isa = PBXFileReference; lastKnownFileType = sourcecode.swift; path = ClipboardService.swift; sourceTree = "<group>"; };
/* End PBXFileReference section */

/* Begin PBXGroup section */
		13638558C48B48FCD13059B3 /* Sources */ = {
			isa = PBXGroup;
			children = (
				CA4A1D9603888BF42D6F7B45 /* App */,
				A914A485BA05806CC43A3D42 /* AppKit */,
				D224E64A2329ED82D0181BC4 /* Models */,
				52C9AB342B5ED2D3B1EDD80C /* Services */,
				1A9C41A3AF671641E12FE066 /* Utilities */,
				17B02BCB96066A526897CFEE /* Views */,
			);
			path = Sources;
			sourceTree = "<group>";
		};
		17B02BCB96066A526897CFEE /* Views */ = {
			isa = PBXGroup;
			children = (
				11676C7F1E7580EADC890261 /* CompactFileShelfView.swift */,
				58C04420189B9E761585C681 /* ExpandedShelfView.swift */,
				A70CEC862665A410BACE399E /* SettingsGlassComponents.swift */,
				8F0C0338FC41775B78A51506 /* SettingsView.swift */,
				5592D69D2AF2F44E09E094FB /* ShelfView.swift */,
			);
			path = Views;
			sourceTree = "<group>";
		};
		1A9C41A3AF671641E12FE066 /* Utilities */ = {
			isa = PBXGroup;
			children = (
				DEAE2C9FD948EB9826166429 /* ShelfGeometry.swift */,
				12DFF537C897D5495B17AE0E /* ShelfPalette.swift */,
			);
			path = Utilities;
			sourceTree = "<group>";
		};
		242F6D0DA6DF6F0DD9754F3D /* Tests */ = {
			isa = PBXGroup;
			children = (
				1EEC6FD5A62755C0940C6677 /* ShelfGeometryTests.swift */,
			);
			path = Tests;
			sourceTree = "<group>";
		};
		39B1E6D7B357D3B66EABEA2A /* Resources */ = {
			isa = PBXGroup;
			children = (
				29115A3051D5B2B4E5905DF1 /* Assets.xcassets */,
				7B49C3435F21B7E7EA4B0730 /* Cat_in_Box.svg */,
				F20ACCCA7AA1264979198425 /* CatInBox.png */,
				C2FEBA3176F83A868761DCFC /* DropPointLogo.svg */,
				C368EF9A81E41BA63A5F4FDD /* Empty Box.svg */,
			);
			path = Resources;
			sourceTree = "<group>";
		};
		52C9AB342B5ED2D3B1EDD80C /* Services */ = {
			isa = PBXGroup;
			children = (
				F4A4A57EE58703C0EF70B7AA /* ClipboardService.swift */,
				2DC8A0C719893348161D6789 /* DirectoryWatcher.swift */,
				51E19AE7AAB0330B4F68C5EA /* ExternalFileDragMonitor.swift */,
				681CA1D8258C085BF9A01AFF /* FileDropImporter.swift */,
				D210AB8CC87D9C277E22DF73 /* GlobalHotKeyMonitor.swift */,
				E8BE7B91D23778BA7DBF3109 /* LaunchAtLoginService.swift */,
				5878A133EF3ADA9F52C44FBB /* ShelfActionService.swift */,
				CCD2A448DA69D1A72B4DF1FA /* ShelfWindowManager.swift */,
				E4430FA0D50EFFCAED4C1CD8 /* StatusBarController.swift */,
			);
			path = Services;
			sourceTree = "<group>";
		};
		A914A485BA05806CC43A3D42 /* AppKit */ = {
			isa = PBXGroup;
			children = (
				29DECA39C7799BD75D56251B /* AnimatedSVGView.swift */,
				0431590044435E92E6E0160E /* FileDragSourceView.swift */,
				7FE86B244679C85061AE61D2 /* ShelfContextMenu.swift */,
				2404CF97215AEC8D681563B9 /* ShelfDropHostingView.swift */,
				F2FA7E7D666DBDA30AE420CD /* ShelfWindowController.swift */,
			);
			path = AppKit;
			sourceTree = "<group>";
		};
		C25413AA8D776D9B8D05DA74 = {
			isa = PBXGroup;
			children = (
				39B1E6D7B357D3B66EABEA2A /* Resources */,
				13638558C48B48FCD13059B3 /* Sources */,
				242F6D0DA6DF6F0DD9754F3D /* Tests */,
				D6128229D347738E5B68D5C7 /* Products */,
			);
			sourceTree = "<group>";
		};
		CA4A1D9603888BF42D6F7B45 /* App */ = {
			isa = PBXGroup;
			children = (
				8BBB0C414D34B04D8BC23D66 /* AppDelegate.swift */,
				0BFAB47FB3B5F5B211B5F1AD /* DropPointApp.swift */,
			);
			path = App;
			sourceTree = "<group>";
		};
		D224E64A2329ED82D0181BC4 /* Models */ = {
			isa = PBXGroup;
			children = (
				7CA0A93955E08FCAD91FCDFB /* AppSettings.swift */,
				D7C7ECB26F075D2FE5D60A67 /* ShelfAction.swift */,
				D60444CC808E3CC2338FE8C1 /* ShelfItem.swift */,
				22BF155EBBB86457BB19A8D4 /* ShelfStore.swift */,
			);
			path = Models;
			sourceTree = "<group>";
		};
		D6128229D347738E5B68D5C7 /* Products */ = {
			isa = PBXGroup;
			children = (
				75149F843906BFBD419D0334 /* DropPointNative.app */,
				1B2FDBF971977B77DE36AD97 /* DropPointNativeTests.xctest */,
			);
			name = Products;
			sourceTree = "<group>";
		};
/* End PBXGroup section */

/* Begin PBXNativeTarget section */
		64CB6A3B497B6A5220F8490B /* DropPointNative */ = {
			isa = PBXNativeTarget;
			buildConfigurationList = 323CD2650443A7A02EC2E1C6 /* Build configuration list for PBXNativeTarget "DropPointNative" */;
			buildPhases = (
				83ADA88AE8A3C085DE01D5FB /* Sources */,
				3386FBD44EB9629D0DBD8B0E /* Resources */,
			);
			buildRules = (
			);
			dependencies = (
			);
			name = DropPointNative;
			packageProductDependencies = (
			);
			productName = DropPointNative;
			productReference = 75149F843906BFBD419D0334 /* DropPointNative.app */;
			productType = "com.apple.product-type.application";
		};
		C94ECD394C5B40ECEFF3FFF2 /* DropPointNativeTests */ = {
			isa = PBXNativeTarget;
			buildConfigurationList = 799D4DCE5DD4C6549855AC4D /* Build configuration list for PBXNativeTarget "DropPointNativeTests" */;
			buildPhases = (
				658B021573218AF87B6C7271 /* Sources */,
			);
			buildRules = (
			);
			dependencies = (
				1809321D4FC28312AD491B93 /* PBXTargetDependency */,
			);
			name = DropPointNativeTests;
			packageProductDependencies = (
			);
			productName = DropPointNativeTests;
			productReference = 1B2FDBF971977B77DE36AD97 /* DropPointNativeTests.xctest */;
			productType = "com.apple.product-type.bundle.unit-test";
		};
/* End PBXNativeTarget section */

/* Begin PBXProject section */
		83966C0B68155040CA7B1ADD /* Project object */ = {
			isa = PBXProject;
			attributes = {
				BuildIndependentTargetsInParallel = YES;
				LastUpgradeCheck = 1430;
				TargetAttributes = {
					64CB6A3B497B6A5220F8490B = {
						ProvisioningStyle = Automatic;
					};
					C94ECD394C5B40ECEFF3FFF2 = {
						ProvisioningStyle = Automatic;
					};
				};
			};
			buildConfigurationList = 5AC613E9A2F637178C59C2A9 /* Build configuration list for PBXProject "DropPointNative" */;
			developmentRegion = en;
			hasScannedForEncodings = 0;
			knownRegions = (
				Base,
				en,
			);
			mainGroup = C25413AA8D776D9B8D05DA74;
			minimizedProjectReferenceProxies = 1;
			preferredProjectObjectVersion = 77;
			productRefGroup = D6128229D347738E5B68D5C7 /* Products */;
			projectDirPath = "";
			projectRoot = "";
			targets = (
				64CB6A3B497B6A5220F8490B /* DropPointNative */,
				C94ECD394C5B40ECEFF3FFF2 /* DropPointNativeTests */,
			);
		};
/* End PBXProject section */

/* Begin PBXResourcesBuildPhase section */
		3386FBD44EB9629D0DBD8B0E /* Resources */ = {
			isa = PBXResourcesBuildPhase;
			buildActionMask = 2147483647;
			files = (
				663345649DA2B141E83FBC1F /* Assets.xcassets in Resources */,
				F65EAEAE5D4E9F5474059B0D /* CatInBox.png in Resources */,
				D3E23F0C734B05404C84993D /* Cat_in_Box.svg in Resources */,
				06DA6A4EF0CADFBDE8BFAA32 /* DropPointLogo.svg in Resources */,
				4CF8D702D9DF36C68B399EF4 /* Empty Box.svg in Resources */,
			);
			runOnlyForDeploymentPostprocessing = 0;
		};
/* End PBXResourcesBuildPhase section */

/* Begin PBXSourcesBuildPhase section */
		658B021573218AF87B6C7271 /* Sources */ = {
			isa = PBXSourcesBuildPhase;
			buildActionMask = 2147483647;
			files = (
				BDC1C452D7ABF32F69874617 /* ShelfGeometryTests.swift in Sources */,
			);
			runOnlyForDeploymentPostprocessing = 0;
		};
		83ADA88AE8A3C085DE01D5FB /* Sources */ = {
			isa = PBXSourcesBuildPhase;
			buildActionMask = 2147483647;
			files = (
				2231910E64D0842098BDE59C /* AnimatedSVGView.swift in Sources */,
				65A9ECEBD9D659DB76DA86A3 /* AppDelegate.swift in Sources */,
				F6EF583E71B19DB510C1DBA2 /* AppSettings.swift in Sources */,
				04E9EBA53973E1D0BC911BAB /* ClipboardService.swift in Sources */,
				E4586D8024303F58FD7B6038 /* CompactFileShelfView.swift in Sources */,
				F44870DABD4EE688A4F41D22 /* DirectoryWatcher.swift in Sources */,
				90955B990316499CEC07E247 /* DropPointApp.swift in Sources */,
				267599EB0F05CCD940B1A9BD /* ExpandedShelfView.swift in Sources */,
				B1B7335DF5DFECA45789D7A4 /* ExternalFileDragMonitor.swift in Sources */,
				36BE829994399FE577D0ED00 /* FileDragSourceView.swift in Sources */,
				9257E0A31EAA7E8929CA2C36 /* FileDropImporter.swift in Sources */,
				592644BCFC3DC1171D9A2A22 /* GlobalHotKeyMonitor.swift in Sources */,
				E10D2DC8B0A4CCFFF10740DD /* LaunchAtLoginService.swift in Sources */,
				4A34E9983C3A1B053BEB9082 /* SettingsGlassComponents.swift in Sources */,
				27217171884A3DEE8439B72A /* SettingsView.swift in Sources */,
				9DD138E14CE1BA6072B77B20 /* ShelfAction.swift in Sources */,
				C5B43D9F33FB4B646279C085 /* ShelfActionService.swift in Sources */,
				AEC152BEA65B60BFE7EDE958 /* ShelfContextMenu.swift in Sources */,
				255B52FD63A42E32810A7724 /* ShelfDropHostingView.swift in Sources */,
				F2C6F5B1FC2B0C72B2D10CC3 /* ShelfGeometry.swift in Sources */,
				8A2ECEE1B29A77148A0B2570 /* ShelfItem.swift in Sources */,
				842B6FE264E2839B6C18DF4D /* ShelfPalette.swift in Sources */,
				EBE6EE47EEBB807615680F34 /* ShelfStore.swift in Sources */,
				7ACAAF8E38F6BE1AF3BA6D57 /* ShelfView.swift in Sources */,
				EB61B0290C19141C4F3B26E6 /* ShelfWindowController.swift in Sources */,
				FD25F17DD58E040ED6CA8722 /* ShelfWindowManager.swift in Sources */,
				58CCE6109ACA4EE3F99A359E /* StatusBarController.swift in Sources */,
			);
			runOnlyForDeploymentPostprocessing = 0;
		};
/* End PBXSourcesBuildPhase section */

/* Begin PBXTargetDependency section */
		1809321D4FC28312AD491B93 /* PBXTargetDependency */ = {
			isa = PBXTargetDependency;
			target = 64CB6A3B497B6A5220F8490B /* DropPointNative */;
			targetProxy = 4FED3B0C0062EF502830F91A /* PBXContainerItemProxy */;
		};
/* End PBXTargetDependency section */

/* Begin XCBuildConfiguration section */
		023446A93A0A4F2EE183087C /* Debug */ = {
			isa = XCBuildConfiguration;
			buildSettings = {
				ALWAYS_SEARCH_USER_PATHS = NO;
				CLANG_ANALYZER_NONNULL = YES;
				CLANG_ANALYZER_NUMBER_OBJECT_CONVERSION = YES_AGGRESSIVE;
				CLANG_CXX_LANGUAGE_STANDARD = "gnu++14";
				CLANG_CXX_LIBRARY = "libc++";
				CLANG_ENABLE_MODULES = YES;
				CLANG_ENABLE_OBJC_ARC = YES;
				CLANG_ENABLE_OBJC_WEAK = YES;
				CLANG_WARN_BLOCK_CAPTURE_AUTORELEASING = YES;
				CLANG_WARN_BOOL_CONVERSION = YES;
				CLANG_WARN_COMMA = YES;
				CLANG_WARN_CONSTANT_CONVERSION = YES;
				CLANG_WARN_DEPRECATED_OBJC_IMPLEMENTATIONS = YES;
				CLANG_WARN_DIRECT_OBJC_ISA_USAGE = YES_ERROR;
				CLANG_WARN_DOCUMENTATION_COMMENTS = YES;
				CLANG_WARN_EMPTY_BODY = YES;
				CLANG_WARN_ENUM_CONVERSION = YES;
				CLANG_WARN_INFINITE_RECURSION = YES;
				CLANG_WARN_INT_CONVERSION = YES;
				CLANG_WARN_NON_LITERAL_NULL_CONVERSION = YES;
				CLANG_WARN_OBJC_IMPLICIT_RETAIN_SELF = YES;
				CLANG_WARN_OBJC_LITERAL_CONVERSION = YES;
				CLANG_WARN_OBJC_ROOT_CLASS = YES_ERROR;
				CLANG_WARN_QUOTED_INCLUDE_IN_FRAMEWORK_HEADER = YES;
				CLANG_WARN_RANGE_LOOP_ANALYSIS = YES;
				CLANG_WARN_STRICT_PROTOTYPES = YES;
				CLANG_WARN_SUSPICIOUS_MOVE = YES;
				CLANG_WARN_UNGUARDED_AVAILABILITY = YES_AGGRESSIVE;
				CLANG_WARN_UNREACHABLE_CODE = YES;
				CLANG_WARN__DUPLICATE_METHOD_MATCH = YES;
				CODE_SIGN_STYLE = Automatic;
				COPY_PHASE_STRIP = NO;
				DEBUG_INFORMATION_FORMAT = dwarf;
				ENABLE_STRICT_OBJC_MSGSEND = YES;
				ENABLE_TESTABILITY = YES;
				GCC_C_LANGUAGE_STANDARD = gnu11;
				GCC_DYNAMIC_NO_PIC = NO;
				GCC_NO_COMMON_BLOCKS = YES;
				GCC_OPTIMIZATION_LEVEL = 0;
				GCC_PREPROCESSOR_DEFINITIONS = (
					"$(inherited)",
					"DEBUG=1",
				);
				GCC_WARN_64_TO_32_BIT_CONVERSION = YES;
				GCC_WARN_ABOUT_RETURN_TYPE = YES_ERROR;
				GCC_WARN_UNDECLARED_SELECTOR = YES;
				GCC_WARN_UNINITIALIZED_AUTOS = YES_AGGRESSIVE;
				GCC_WARN_UNUSED_FUNCTION = YES;
				GCC_WARN_UNUSED_VARIABLE = YES;
				MACOSX_DEPLOYMENT_TARGET = 14.0;
				MTL_ENABLE_DEBUG_INFO = INCLUDE_SOURCE;
				MTL_FAST_MATH = YES;
				ONLY_ACTIVE_ARCH = YES;
				PRODUCT_NAME = "$(TARGET_NAME)";
				SDKROOT = macosx;
				SWIFT_ACTIVE_COMPILATION_CONDITIONS = DEBUG;
				SWIFT_OPTIMIZATION_LEVEL = "-Onone";
				SWIFT_STRICT_CONCURRENCY = complete;
				SWIFT_VERSION = 5.0;
			};
			name = Debug;
		};
		0449A8ED14B9960B48BE2A51 /* Release */ = {
			isa = XCBuildConfiguration;
			buildSettings = {
				BUNDLE_LOADER = "$(TEST_HOST)";
				COMBINE_HIDPI_IMAGES = YES;
				GENERATE_INFOPLIST_FILE = YES;
				LD_RUNPATH_SEARCH_PATHS = (
					"$(inherited)",
					"@executable_path/../Frameworks",
					"@loader_path/../Frameworks",
				);
				PRODUCT_BUNDLE_IDENTIFIER = com.gamegods3.droppoint.native.tests;
				SDKROOT = macosx;
				TEST_HOST = "$(BUILT_PRODUCTS_DIR)/DropPoint.app/Contents/MacOS/DropPoint";
			};
			name = Release;
		};
		69832698832059C9B310604F /* Release */ = {
			isa = XCBuildConfiguration;
			buildSettings = {
				ALWAYS_SEARCH_USER_PATHS = NO;
				CLANG_ANALYZER_NONNULL = YES;
				CLANG_ANALYZER_NUMBER_OBJECT_CONVERSION = YES_AGGRESSIVE;
				CLANG_CXX_LANGUAGE_STANDARD = "gnu++14";
				CLANG_CXX_LIBRARY = "libc++";
				CLANG_ENABLE_MODULES = YES;
				CLANG_ENABLE_OBJC_ARC = YES;
				CLANG_ENABLE_OBJC_WEAK = YES;
				CLANG_WARN_BLOCK_CAPTURE_AUTORELEASING = YES;
				CLANG_WARN_BOOL_CONVERSION = YES;
				CLANG_WARN_COMMA = YES;
				CLANG_WARN_CONSTANT_CONVERSION = YES;
				CLANG_WARN_DEPRECATED_OBJC_IMPLEMENTATIONS = YES;
				CLANG_WARN_DIRECT_OBJC_ISA_USAGE = YES_ERROR;
				CLANG_WARN_DOCUMENTATION_COMMENTS = YES;
				CLANG_WARN_EMPTY_BODY = YES;
				CLANG_WARN_ENUM_CONVERSION = YES;
				CLANG_WARN_INFINITE_RECURSION = YES;
				CLANG_WARN_INT_CONVERSION = YES;
				CLANG_WARN_NON_LITERAL_NULL_CONVERSION = YES;
				CLANG_WARN_OBJC_IMPLICIT_RETAIN_SELF = YES;
				CLANG_WARN_OBJC_LITERAL_CONVERSION = YES;
				CLANG_WARN_OBJC_ROOT_CLASS = YES_ERROR;
				CLANG_WARN_QUOTED_INCLUDE_IN_FRAMEWORK_HEADER = YES;
				CLANG_WARN_RANGE_LOOP_ANALYSIS = YES;
				CLANG_WARN_STRICT_PROTOTYPES = YES;
				CLANG_WARN_SUSPICIOUS_MOVE = YES;
				CLANG_WARN_UNGUARDED_AVAILABILITY = YES_AGGRESSIVE;
				CLANG_WARN_UNREACHABLE_CODE = YES;
				CLANG_WARN__DUPLICATE_METHOD_MATCH = YES;
				CODE_SIGN_STYLE = Automatic;
				COPY_PHASE_STRIP = NO;
				DEBUG_INFORMATION_FORMAT = "dwarf-with-dsym";
				ENABLE_NS_ASSERTIONS = NO;
				ENABLE_STRICT_OBJC_MSGSEND = YES;
				GCC_C_LANGUAGE_STANDARD = gnu11;
				GCC_NO_COMMON_BLOCKS = YES;
				GCC_WARN_64_TO_32_BIT_CONVERSION = YES;
				GCC_WARN_ABOUT_RETURN_TYPE = YES_ERROR;
				GCC_WARN_UNDECLARED_SELECTOR = YES;
				GCC_WARN_UNINITIALIZED_AUTOS = YES_AGGRESSIVE;
				GCC_WARN_UNUSED_FUNCTION = YES;
				GCC_WARN_UNUSED_VARIABLE = YES;
				MACOSX_DEPLOYMENT_TARGET = 14.0;
				MTL_ENABLE_DEBUG_INFO = NO;
				MTL_FAST_MATH = YES;
				PRODUCT_NAME = "$(TARGET_NAME)";
				SDKROOT = macosx;
				SWIFT_COMPILATION_MODE = wholemodule;
				SWIFT_OPTIMIZATION_LEVEL = "-O";
				SWIFT_STRICT_CONCURRENCY = complete;
				SWIFT_VERSION = 5.0;
			};
			name = Release;
		};
		6DDB067E2A532E2475899FCD /* Release */ = {
			isa = XCBuildConfiguration;
			buildSettings = {
				ASSETCATALOG_COMPILER_APPICON_NAME = AppIcon;
				COMBINE_HIDPI_IMAGES = YES;
				CURRENT_PROJECT_VERSION = 2;
				ENABLE_HARDENED_RUNTIME = YES;
				GENERATE_INFOPLIST_FILE = NO;
				INFOPLIST_FILE = Resources/Info.plist;
				LD_RUNPATH_SEARCH_PATHS = (
					"$(inherited)",
					"@executable_path/../Frameworks",
				);
				MARKETING_VERSION = 1.4.0;
				PRODUCT_BUNDLE_IDENTIFIER = com.gamegods3.droppoint.native;
				PRODUCT_NAME = DropPoint;
				SDKROOT = macosx;
			};
			name = Release;
		};
		C6558BFF697701813689342A /* Debug */ = {
			isa = XCBuildConfiguration;
			buildSettings = {
				BUNDLE_LOADER = "$(TEST_HOST)";
				COMBINE_HIDPI_IMAGES = YES;
				GENERATE_INFOPLIST_FILE = YES;
				LD_RUNPATH_SEARCH_PATHS = (
					"$(inherited)",
					"@executable_path/../Frameworks",
					"@loader_path/../Frameworks",
				);
				PRODUCT_BUNDLE_IDENTIFIER = com.gamegods3.droppoint.native.tests;
				SDKROOT = macosx;
				TEST_HOST = "$(BUILT_PRODUCTS_DIR)/DropPoint.app/Contents/MacOS/DropPoint";
			};
			name = Debug;
		};
		C9BA64F0F27B664C81C07BA2 /* Debug */ = {
			isa = XCBuildConfiguration;
			buildSettings = {
				ASSETCATALOG_COMPILER_APPICON_NAME = AppIcon;
				COMBINE_HIDPI_IMAGES = YES;
				CURRENT_PROJECT_VERSION = 2;
				ENABLE_HARDENED_RUNTIME = YES;
				GENERATE_INFOPLIST_FILE = NO;
				INFOPLIST_FILE = Resources/Info.plist;
				LD_RUNPATH_SEARCH_PATHS = (
					"$(inherited)",
					"@executable_path/../Frameworks",
				);
				MARKETING_VERSION = 1.4.0;
				PRODUCT_BUNDLE_IDENTIFIER = com.gamegods3.droppoint.native;
				PRODUCT_NAME = DropPoint;
				SDKROOT = macosx;
			};
			name = Debug;
		};
/* End XCBuildConfiguration section */

/* Begin XCConfigurationList section */
		323CD2650443A7A02EC2E1C6 /* Build configuration list for PBXNativeTarget "DropPointNative" */ = {
			isa = XCConfigurationList;
			buildConfigurations = (
				C9BA64F0F27B664C81C07BA2 /* Debug */,
				6DDB067E2A532E2475899FCD /* Release */,
			);
			defaultConfigurationIsVisible = 0;
			defaultConfigurationName = Debug;
		};
		5AC613E9A2F637178C59C2A9 /* Build configuration list for PBXProject "DropPointNative" */ = {
			isa = XCConfigurationList;
			buildConfigurations = (
				023446A93A0A4F2EE183087C /* Debug */,
				69832698832059C9B310604F /* Release */,
			);
			defaultConfigurationIsVisible = 0;
			defaultConfigurationName = Debug;
		};
		799D4DCE5DD4C6549855AC4D /* Build configuration list for PBXNativeTarget "DropPointNativeTests" */ = {
			isa = XCConfigurationList;
			buildConfigurations = (
				C6558BFF697701813689342A /* Debug */,
				0449A8ED14B9960B48BE2A51 /* Release */,
			);
			defaultConfigurationIsVisible = 0;
			defaultConfigurationName = Debug;
		};
/* End XCConfigurationList section */
	};
	rootObject = 83966C0B68155040CA7B1ADD /* Project object */;
}
